[[package]]
name = "asgiref"
version = "3.5.2"
description = "ASGI specs, helper code, and adapters"
category = "main"
optional = false
python-versions = ">=3.7"

[package.extras]
tests = ["pytest", "pytest-asyncio", "mypy (>=0.800)"]

[[package]]
name = "crispy-bootstrap5"
version = "0.7"
description = "Bootstrap5 template pack for django-crispy-forms"
category = "dev"
optional = false
python-versions = ">=3.7"

[package.dependencies]
django = ">=3.2"
django-crispy-forms = ">=1.13.0"

[package.extras]
test = ["pytest", "pytest-django"]

[[package]]
name = "defusedxml"
version = "0.7.1"
description = "XML bomb protection for Python stdlib modules"
category = "main"
optional = false
python-versions = ">=2.7, !=3.0.*, !=3.1.*, !=3.2.*, !=3.3.*, !=3.4.*"

[[package]]
name = "diff-match-patch"
version = "20200713"
description = "Repackaging of Google's Diff Match and Patch libraries. Offers robust algorithms to perform the operations required for synchronizing plain text."
category = "main"
optional = false
python-versions = ">=2.7"

[[package]]
name = "django"
version = "4.1.4"
description = "A high-level Python web framework that encourages rapid development and clean, pragmatic design."
category = "main"
optional = false
python-versions = ">=3.8"

[package.dependencies]
asgiref = ">=3.5.2,<4"
sqlparse = ">=0.2.2"
tzdata = {version = "*", markers = "sys_platform == \"win32\""}

[package.extras]
argon2 = ["argon2-cffi (>=19.1.0)"]
bcrypt = ["bcrypt"]

[[package]]
name = "django-crispy-forms"
version = "1.14.0"
description = "Best way to have Django DRY forms"
category = "main"
optional = false
python-versions = ">=3.7"

[[package]]
name = "django-import-export"
version = "3.0.1"
description = "Django application and library for importing and exporting data with included admin integration."
category = "main"
optional = false
python-versions = ">=3.7"

[package.dependencies]
diff-match-patch = "*"
Django = ">=3.2"
tablib = {version = ">=3.2.1", extras = ["html", "ods", "xls", "xlsx", "yaml"]}

[[package]]
name = "django-phonenumber-field"
version = "7.0.1"
description = "An international phone number field for django models."
category = "main"
optional = false
python-versions = ">=3.7"

[package.dependencies]
Django = ">=3.2"
phonenumbers = {version = ">=7.0.2", optional = true, markers = "extra == \"phonenumbers\""}

[package.extras]
phonenumbers = ["phonenumbers (>=7.0.2)"]
phonenumberslite = ["phonenumberslite (>=7.0.2)"]

[[package]]
name = "et-xmlfile"
version = "1.1.0"
description = "An implementation of lxml.xmlfile for the standard library"
category = "main"
optional = false
python-versions = ">=3.6"

[[package]]
name = "markuppy"
version = "1.14"
description = "An HTML/XML generator"
category = "main"
optional = false
python-versions = "*"

[[package]]
name = "odfpy"
version = "1.4.1"
description = "Python API and tools to manipulate OpenDocument files"
category = "main"
optional = false
python-versions = "*"

[package.dependencies]
defusedxml = "*"

[[package]]
name = "openpyxl"
version = "3.0.10"
description = "A Python library to read/write Excel 2010 xlsx/xlsm files"
category = "main"
optional = false
python-versions = ">=3.6"

[package.dependencies]
et-xmlfile = "*"

[[package]]
name = "phonenumbers"
version = "8.13.2"
description = "Python version of Google's common library for parsing, formatting, storing and validating international phone numbers."
category = "main"
optional = false
python-versions = "*"

[[package]]
name = "pillow"
version = "9.3.0"
description = "Python Imaging Library (Fork)"
category = "main"
optional = false
python-versions = ">=3.7"

[package.extras]
docs = ["furo", "olefile", "sphinx (>=2.4)", "sphinx-copybutton", "sphinx-issues (>=3.0.1)", "sphinx-removed-in", "sphinxext-opengraph"]
tests = ["check-manifest", "coverage", "defusedxml", "markdown2", "olefile", "packaging", "pyroma", "pytest", "pytest-cov", "pytest-timeout"]

[[package]]
name = "pyyaml"
version = "6.0"
description = "YAML parser and emitter for Python"
category = "main"
optional = false
python-versions = ">=3.6"

[[package]]
name = "sqlparse"
version = "0.4.3"
description = "A non-validating SQL parser."
category = "main"
optional = false
python-versions = ">=3.5"

[[package]]
name = "tablib"
version = "3.3.0"
description = "Format agnostic tabular data library (XLS, JSON, YAML, CSV)"
category = "main"
optional = false
python-versions = ">=3.7"

[package.dependencies]
markuppy = {version = "*", optional = true, markers = "extra == \"html\""}
odfpy = {version = "*", optional = true, markers = "extra == \"ods\""}
openpyxl = {version = ">=2.6.0", optional = true, markers = "extra == \"xlsx\""}
pyyaml = {version = "*", optional = true, markers = "extra == \"yaml\""}
xlrd = {version = "*", optional = true, markers = "extra == \"xls\""}
xlwt = {version = "*", optional = true, markers = "extra == \"xls\""}

[package.extras]
all = ["markuppy", "odfpy", "openpyxl (>=2.6.0)", "pandas", "pyyaml", "tabulate", "xlrd", "xlwt"]
cli = ["tabulate"]
html = ["markuppy"]
ods = ["odfpy"]
pandas = ["pandas"]
xls = ["xlrd", "xlwt"]
xlsx = ["openpyxl (>=2.6.0)"]
yaml = ["pyyaml"]

[[package]]
name = "tzdata"
version = "2022.7"
description = "Provider of IANA time zone data"
category = "main"
optional = false
python-versions = ">=2"

[[package]]
name = "xlrd"
version = "2.0.1"
description = "Library for developers to extract data from Microsoft Excel (tm) .xls spreadsheet files"
category = "main"
optional = false
python-versions = ">=2.7, !=3.0.*, !=3.1.*, !=3.2.*, !=3.3.*, !=3.4.*, !=3.5.*"

[package.extras]
build = ["wheel", "twine"]
docs = ["sphinx"]
test = ["pytest", "pytest-cov"]

[[package]]
name = "xlwt"
version = "1.3.0"
description = "Library to create spreadsheet files compatible with MS Excel 97/2000/XP/2003 XLS files, on any platform, with Python 2.6, 2.7, 3.3+"
category = "main"
optional = false
python-versions = "*"

[metadata]
lock-version = "1.1"
python-versions = "^3.9"
content-hash = "84bf312431c99666b52db06f81d69680d4837b364fcfb73b13ae497950dd5e96"

[metadata.files]
asgiref = [
    {file = "asgiref-3.5.2-py3-none-any.whl", hash = "sha256:1d2880b792ae8757289136f1db2b7b99100ce959b2aa57fd69dab783d05afac4"},
    {file = "asgiref-3.5.2.tar.gz", hash = "sha256:4a29362a6acebe09bf1d6640db38c1dc3d9217c68e6f9f6204d72667fc19a424"},
]
crispy-bootstrap5 = []
defusedxml = [
    {file = "defusedxml-0.7.1-py2.py3-none-any.whl", hash = "sha256:a352e7e428770286cc899e2542b6cdaedb2b4953ff269a210103ec58f6198a61"},
    {file = "defusedxml-0.7.1.tar.gz", hash = "sha256:1bb3032db185915b62d7c6209c5a8792be6a32ab2fedacc84e01b52c51aa3e69"},
]
diff-match-patch = [
    {file = "diff-match-patch-20200713.tar.gz", hash = "sha256:da6f5a01aa586df23dfc89f3827e1cafbb5420be9d87769eeb079ddfd9477a18"},
    {file = "diff_match_patch-20200713-py3-none-any.whl", hash = "sha256:8bf9d9c4e059d917b5c6312bac0c137971a32815ddbda9c682b949f2986b4d34"},
]
django = []
django-crispy-forms = [
    {file = "django-crispy-forms-1.14.0.tar.gz", hash = "sha256:35887b8851a931374dd697207a8f56c57a9c5cb9dbf0b9fa54314da5666cea5b"},
    {file = "django_crispy_forms-1.14.0-py3-none-any.whl", hash = "sha256:bc4d2037f6de602d39c0bc452ac3029d1f5d65e88458872cc4dbc01c3a400604"},
]
django-import-export = []
django-phonenumber-field = []
et-xmlfile = [
    {file = "et_xmlfile-1.1.0-py3-none-any.whl", hash = "sha256:a2ba85d1d6a74ef63837eed693bcb89c3f752169b0e3e7ae5b16ca5e1b3deada"},
    {file = "et_xmlfile-1.1.0.tar.gz", hash = "sha256:8eb9e2bc2f8c97e37a2dc85a09ecdcdec9d8a396530a6d5a33b30b9a92da0c5c"},
]
markuppy = [
    {file = "MarkupPy-1.14.tar.gz", hash = "sha256:1adee2c0a542af378fe84548ff6f6b0168f3cb7f426b46961038a2bcfaad0d5f"},
]
odfpy = [
    {file = "odfpy-1.4.1-py2.7.egg", hash = "sha256:fc3b8d1bc098eba4a0fda865a76d9d1e577c4ceec771426bcb169a82c5e9dfe0"},
    {file = "odfpy-1.4.1.tar.gz", hash = "sha256:db766a6e59c5103212f3cc92ec8dd50a0f3a02790233ed0b52148b70d3c438ec"},
]
openpyxl = [
    {file = "openpyxl-3.0.10-py2.py3-none-any.whl", hash = "sha256:0ab6d25d01799f97a9464630abacbb34aafecdcaa0ef3cba6d6b3499867d0355"},
    {file = "openpyxl-3.0.10.tar.gz", hash = "sha256:e47805627aebcf860edb4edf7987b1309c1b3632f3750538ed962bbcc3bd7449"},
]
phonenumbers = []
pillow = []
pyyaml = [
    {file = "PyYAML-6.0-cp310-cp310-macosx_10_9_x86_64.whl", hash = "sha256:d4db7c7aef085872ef65a8fd7d6d09a14ae91f691dec3e87ee5ee0539d516f53"},
    {file = "PyYAML-6.0-cp310-cp310-macosx_11_0_arm64.whl", hash = "sha256:9df7ed3b3d2e0ecfe09e14741b857df43adb5a3ddadc919a2d94fbdf78fea53c"},
    {file = "PyYAML-6.0-cp310-cp310-manylinux_2_17_aarch64.manylinux2014_aarch64.whl", hash = "sha256:77f396e6ef4c73fdc33a9157446466f1cff553d979bd00ecb64385760c6babdc"},
    {file = "PyYAML-6.0-cp310-cp310-manylinux_2_17_s390x.manylinux2014_s390x.whl", hash = "sha256:a80a78046a72361de73f8f395f1f1e49f956c6be882eed58505a15f3e430962b"},
    {file = "PyYAML-6.0-cp310-cp310-manylinux_2_5_x86_64.manylinux1_x86_64.manylinux_2_12_x86_64.manylinux2010_x86_64.whl", hash = "sha256:f84fbc98b019fef2ee9a1cb3ce93e3187a6df0b2538a651bfb890254ba9f90b5"},
    {file = "PyYAML-6.0-cp310-cp310-win32.whl", hash = "sha256:2cd5df3de48857ed0544b34e2d40e9fac445930039f3cfe4bcc592a1f836d513"},
    {file = "PyYAML-6.0-cp310-cp310-win_amd64.whl", hash = "sha256:daf496c58a8c52083df09b80c860005194014c3698698d1a57cbcfa182142a3a"},
    {file = "PyYAML-6.0-cp36-cp36m-macosx_10_9_x86_64.whl", hash = "sha256:897b80890765f037df3403d22bab41627ca8811ae55e9a722fd0392850ec4d86"},
    {file = "PyYAML-6.0-cp36-cp36m-manylinux_2_17_aarch64.manylinux2014_aarch64.whl", hash = "sha256:50602afada6d6cbfad699b0c7bb50d5ccffa7e46a3d738092afddc1f9758427f"},
    {file = "PyYAML-6.0-cp36-cp36m-manylinux_2_17_s390x.manylinux2014_s390x.whl", hash = "sha256:48c346915c114f5fdb3ead70312bd042a953a8ce5c7106d5bfb1a5254e47da92"},
    {file = "PyYAML-6.0-cp36-cp36m-manylinux_2_5_x86_64.manylinux1_x86_64.manylinux_2_12_x86_64.manylinux2010_x86_64.whl", hash = "sha256:98c4d36e99714e55cfbaaee6dd5badbc9a1ec339ebfc3b1f52e293aee6bb71a4"},
    {file = "PyYAML-6.0-cp36-cp36m-win32.whl", hash = "sha256:0283c35a6a9fbf047493e3a0ce8d79ef5030852c51e9d911a27badfde0605293"},
    {file = "PyYAML-6.0-cp36-cp36m-win_amd64.whl", hash = "sha256:07751360502caac1c067a8132d150cf3d61339af5691fe9e87803040dbc5db57"},
    {file = "PyYAML-6.0-cp37-cp37m-macosx_10_9_x86_64.whl", hash = "sha256:819b3830a1543db06c4d4b865e70ded25be52a2e0631ccd2f6a47a2822f2fd7c"},
    {file = "PyYAML-6.0-cp37-cp37m-manylinux_2_17_aarch64.manylinux2014_aarch64.whl", hash = "sha256:473f9edb243cb1935ab5a084eb238d842fb8f404ed2193a915d1784b5a6b5fc0"},
    {file = "PyYAML-6.0-cp37-cp37m-manylinux_2_17_s390x.manylinux2014_s390x.whl", hash = "sha256:0ce82d761c532fe4ec3f87fc45688bdd3a4c1dc5e0b4a19814b9009a29baefd4"},
    {file = "PyYAML-6.0-cp37-cp37m-manylinux_2_5_x86_64.manylinux1_x86_64.manylinux_2_12_x86_64.manylinux2010_x86_64.whl", hash = "sha256:231710d57adfd809ef5d34183b8ed1eeae3f76459c18fb4a0b373ad56bedcdd9"},
    {file = "PyYAML-6.0-cp37-cp37m-win32.whl", hash = "sha256:c5687b8d43cf58545ade1fe3e055f70eac7a5a1a0bf42824308d868289a95737"},
    {file = "PyYAML-6.0-cp37-cp37m-win_amd64.whl", hash = "sha256:d15a181d1ecd0d4270dc32edb46f7cb7733c7c508857278d3d378d14d606db2d"},
    {file = "PyYAML-6.0-cp38-cp38-macosx_10_9_x86_64.whl", hash = "sha256:0b4624f379dab24d3725ffde76559cff63d9ec94e1736b556dacdfebe5ab6d4b"},
    {file = "PyYAML-6.0-cp38-cp38-manylinux_2_17_aarch64.manylinux2014_aarch64.whl", hash = "sha256:213c60cd50106436cc818accf5baa1aba61c0189ff610f64f4a3e8c6726218ba"},
    {file = "PyYAML-6.0-cp38-cp38-manylinux_2_17_s390x.manylinux2014_s390x.whl", hash = "sha256:9fa600030013c4de8165339db93d182b9431076eb98eb40ee068700c9c813e34"},
    {file = "PyYAML-6.0-cp38-cp38-manylinux_2_5_x86_64.manylinux1_x86_64.manylinux_2_12_x86_64.manylinux2010_x86_64.whl", hash = "sha256:277a0ef2981ca40581a47093e9e2d13b3f1fbbeffae064c1d21bfceba2030287"},
    {file = "PyYAML-6.0-cp38-cp38-win32.whl", hash = "sha256:d4eccecf9adf6fbcc6861a38015c2a64f38b9d94838ac1810a9023a0609e1b78"},
    {file = "PyYAML-6.0-cp38-cp38-win_amd64.whl", hash = "sha256:1e4747bc279b4f613a09eb64bba2ba602d8a6664c6ce6396a4d0cd413a50ce07"},
    {file = "PyYAML-6.0-cp39-cp39-macosx_10_9_x86_64.whl", hash = "sha256:055d937d65826939cb044fc8c9b08889e8c743fdc6a32b33e2390f66013e449b"},
    {file = "PyYAML-6.0-cp39-cp39-macosx_11_0_arm64.whl", hash = "sha256:e61ceaab6f49fb8bdfaa0f92c4b57bcfbea54c09277b1b4f7ac376bfb7a7c174"},
    {file = "PyYAML-6.0-cp39-cp39-manylinux_2_17_aarch64.manylinux2014_aarch64.whl", hash = "sha256:d67d839ede4ed1b28a4e8909735fc992a923cdb84e618544973d7dfc71540803"},
    {file = "PyYAML-6.0-cp39-cp39-manylinux_2_17_s390x.manylinux2014_s390x.whl", hash = "sha256:cba8c411ef271aa037d7357a2bc8f9ee8b58b9965831d9e51baf703280dc73d3"},
    {file = "PyYAML-6.0-cp39-cp39-manylinux_2_5_x86_64.manylinux1_x86_64.manylinux_2_12_x86_64.manylinux2010_x86_64.whl", hash = "sha256:40527857252b61eacd1d9af500c3337ba8deb8fc298940291486c465c8b46ec0"},
    {file = "PyYAML-6.0-cp39-cp39-win32.whl", hash = "sha256:b5b9eccad747aabaaffbc6064800670f0c297e52c12754eb1d976c57e4f74dcb"},
    {file = "PyYAML-6.0-cp39-cp39-win_amd64.whl", hash = "sha256:b3d267842bf12586ba6c734f89d1f5b871df0273157918b0ccefa29deb05c21c"},
    {file = "PyYAML-6.0.tar.gz", hash = "sha256:68fb519c14306fec9720a2a5b45bc9f0c8d1b9c72adf45c37baedfcd949c35a2"},
]
sqlparse = []
tablib = []
tzdata = []
xlrd = [
    {file = "xlrd-2.0.1-py2.py3-none-any.whl", hash = "sha256:6a33ee89877bd9abc1158129f6e94be74e2679636b8a205b43b85206c3f0bbdd"},
    {file = "xlrd-2.0.1.tar.gz", hash = "sha256:f72f148f54442c6b056bf931dbc34f986fd0c3b0b6b5a58d013c9aef274d0c88"},
]
xlwt = [
    {file = "xlwt-1.3.0-py2.py3-none-any.whl", hash = "sha256:a082260524678ba48a297d922cc385f58278b8aa68741596a87de01a9c628b2e"},
    {file = "xlwt-1.3.0.tar.gz", hash = "sha256:c59912717a9b28f1a3c2a98fd60741014b06b043936dcecbc113eaaada156c88"},
]
